# THIS IS AN AUTOGENERATED FILE. DO NOT EDIT THIS FILE DIRECTLY.
# yarn lockfile v1


async-limiter@^1.0.0:
  version "1.0.0"
  resolved "https://registry.yarnpkg.com/async-limiter/-/async-limiter-1.0.0.tgz#78faed8c3d074ab81f22b4e985d79e8738f720f8"
  integrity sha512-jp/uFnooOiO+L211eZOoSyzpOITMXx1rBITauYykG3BRYPu8h0UcxsPNB04RR5vo4Tyz3+ay17tR6JVf9qzYWg==

ws@7.1.2:
  version "7.1.2"
  resolved "https://registry.yarnpkg.com/ws/-/ws-7.1.2.tgz#c672d1629de8bb27a9699eb599be47aeeedd8f73"
  integrity sha512-gftXq3XI81cJCgkUiAVixA0raD9IVmXqsylCrjRygw4+UOOGzPoxnQ6r/CnVL9i+mDncJo94tSkyrtuuQVBmrg==
  dependencies:
    async-limiter "^1.0.0"
